# THIS IS AN AUTOGENERATED FILE. DO NOT EDIT THIS FILE DIRECTLY.
# yarn lockfile v1


"@napi-rs/canvas-android-arm64@0.1.80":
  version "0.1.80"
  resolved "https://registry.yarnpkg.com/@napi-rs/canvas-android-arm64/-/canvas-android-arm64-0.1.80.tgz#2779ca5c8aaeb46c85eb72d29f1eb34efd46fb45"
  integrity sha512-sk7xhN/MoXeuExlggf91pNziBxLPVUqF2CAVnB57KLG/pz7+U5TKG8eXdc3pm0d7Od0WreB6ZKLj37sX9muGOQ==

"@napi-rs/canvas-android-arm64@0.1.96":
  version "0.1.96"
  resolved "https://registry.yarnpkg.com/@napi-rs/canvas-android-arm64/-/canvas-android-arm64-0.1.96.tgz#91946e27e6c0241378b947100daab47a2ba14e38"
  integrity sha512-ew1sPrN3dGdZ3L4FoohPfnjq0f9/Jk7o+wP7HkQZokcXgIUD6FIyICEWGhMYzv53j63wUcPvZeAwgewX58/egg==

"@napi-rs/canvas-darwin-arm64@0.1.80":
  version "0.1.80"
  resolved "https://registry.yarnpkg.com/@napi-rs/canvas-darwin-arm64/-/canvas-darwin-arm64-0.1.80.tgz#638eaa2d0a2a373c7d15748743182718dcd95c4b"
  integrity sha512-O64APRTXRUiAz0P8gErkfEr3lipLJgM6pjATwavZ22ebhjYl/SUbpgM0xcWPQBNMP1n29afAC/Us5PX1vg+JNQ==

"@napi-rs/canvas-darwin-arm64@0.1.96":
  version "0.1.96"
  resolved "https://registry.yarnpkg.com/@napi-rs/canvas-darwin-arm64/-/canvas-darwin-arm64-0.1.96.tgz#6f57a30eb502c36c083d7ef576d75a821211e602"
  integrity sha512-Q/wOXZ5PzTqpdmA5eUOcegCf4Go/zz3aZ5DlzSeDpOjFmfwMKh8EzLAoweQ+mJVagcHQyzoJhaTEnrO68TNyNg==

"@napi-rs/canvas-darwin-x64@0.1.80":
  version "0.1.80"
  resolved "https://registry.yarnpkg.com/@napi-rs/canvas-darwin-x64/-/canvas-darwin-x64-0.1.80.tgz#bd6bc048dbd4b02b9620d9d07117ed93e6970978"
  integrity sha512-FqqSU7qFce0Cp3pwnTjVkKjjOtxMqRe6lmINxpIZYaZNnVI0H5FtsaraZJ36SiTHNjZlUB69/HhxNDT1Aaa9vA==

"@napi-rs/canvas-darwin-x64@0.1.96":
  version "0.1.96"
  resolved "https://registry.yarnpkg.com/@napi-rs/canvas-darwin-x64/-/canvas-darwin-x64-0.1.96.tgz#99545fbc4ee08b53d6eba5a3eab3a7ae1100d446"
  integrity sha512-UrXiQz28tQEvGM1qvyptewOAfmUrrd5+wvi6Rzjj2VprZI8iZ2KIvBD2lTTG1bVF95AbeDeG7PJA0D9sLKaOFA==

"@napi-rs/canvas-linux-arm-gnueabihf@0.1.80":
  version "0.1.80"
  resolved "https://registry.yarnpkg.com/@napi-rs/canvas-linux-arm-gnueabihf/-/canvas-linux-arm-gnueabihf-0.1.80.tgz#ce6bfbeb19d9234c42df5c384e5989aa7d734789"
  integrity sha512-eyWz0ddBDQc7/JbAtY4OtZ5SpK8tR4JsCYEZjCE3dI8pqoWUC8oMwYSBGCYfsx2w47cQgQCgMVRVTFiiO38hHQ==

"@napi-rs/canvas-linux-arm-gnueabihf@0.1.96":
  version "0.1.96"
  resolved "https://registry.yarnpkg.com/@napi-rs/canvas-linux-arm-gnueabihf/-/canvas-linux-arm-gnueabihf-0.1.96.tgz#c1a4794aa99f93c18ad162bba4a7c9803b45de99"
  integrity sha512-I90ODxweD8aEP6XKU/NU+biso95MwCtQ2F46dUvhec1HesFi0tq/tAJkYic/1aBSiO/1kGKmSeD1B0duOHhEHQ==

"@napi-rs/canvas-linux-arm64-gnu@0.1.80":
  version "0.1.80"
  resolved "https://registry.yarnpkg.com/@napi-rs/canvas-linux-arm64-gnu/-/canvas-linux-arm64-gnu-0.1.80.tgz#3b7a7832fef763826fa5fb740d5757204e52607d"
  integrity sha512-qwA63t8A86bnxhuA/GwOkK3jvb+XTQaTiVML0vAWoHyoZYTjNs7BzoOONDgTnNtr8/yHrq64XXzUoLqDzU+Uuw==

"@napi-rs/canvas-linux-arm64-gnu@0.1.96":
  version "0.1.96"
  resolved "https://registry.yarnpkg.com/@napi-rs/canvas-linux-arm64-gnu/-/canvas-linux-arm64-gnu-0.1.96.tgz#6dec0d0c9ec730720366fc6c126ef7d1f5f97797"
  integrity sha512-Dx/0+RFV++w3PcRy+4xNXkghhXjA5d0Mw1bs95emn5Llinp1vihMaA6WJt3oYv2LAHc36+gnrhIBsPhUyI2SGw==

"@napi-rs/canvas-linux-arm64-musl@0.1.80":
  version "0.1.80"
  resolved "https://registry.yarnpkg.com/@napi-rs/canvas-linux-arm64-musl/-/canvas-linux-arm64-musl-0.1.80.tgz#d8ccd91f31d70760628623cd575134ada17690a3"
  integrity sha512-1XbCOz/ymhj24lFaIXtWnwv/6eFHXDrjP0jYkc6iHQ9q8oXKzUX1Lc6bu+wuGiLhGh2GS/2JlfORC5ZcXimRcg==

"@napi-rs/canvas-linux-arm64-musl@0.1.96":
  version "0.1.96"
  resolved "https://registry.yarnpkg.com/@napi-rs/canvas-linux-arm64-musl/-/canvas-linux-arm64-musl-0.1.96.tgz#e084e239f74654292581c06749fd96b7aec2bb2e"
  integrity sha512-UvOi7fii3IE2KDfEfhh8m+LpzSRvhGK7o1eho99M2M0HTik11k3GX+2qgVx9EtujN3/bhFFS1kSO3+vPMaJ0Mg==

"@napi-rs/canvas-linux-riscv64-gnu@0.1.80":
  version "0.1.80"
  resolved "https://registry.yarnpkg.com/@napi-rs/canvas-linux-riscv64-gnu/-/canvas-linux-riscv64-gnu-0.1.80.tgz#927a3b859a0e3c691beaf52a19bc4736c4ffc9b8"
  integrity sha512-XTzR125w5ZMs0lJcxRlS1K3P5RaZ9RmUsPtd1uGt+EfDyYMu4c6SEROYsxyatbbu/2+lPe7MPHOO/0a0x7L/gw==

"@napi-rs/canvas-linux-riscv64-gnu@0.1.96":
  version "0.1.96"
  resolved "https://registry.yarnpkg.com/@napi-rs/canvas-linux-riscv64-gnu/-/canvas-linux-riscv64-gnu-0.1.96.tgz#3203e5add7ae062bc6c913e8f385c7f26275d52a"
  integrity sha512-MBSukhGCQ5nRtf9NbFYWOU080yqkZU1PbuH4o1ROvB4CbPl12fchDR35tU83Wz8gWIM9JTn99lBn9DenPIv7Ig==

"@napi-rs/canvas-linux-x64-gnu@0.1.80":
  version "0.1.80"
  resolved "https://registry.yarnpkg.com/@napi-rs/canvas-linux-x64-gnu/-/canvas-linux-x64-gnu-0.1.80.tgz#25c0416bcedd6fadc15295e9afa8d9697232050c"
  integrity sha512-BeXAmhKg1kX3UCrJsYbdQd3hIMDH/K6HnP/pG2LuITaXhXBiNdh//TVVVVCBbJzVQaV5gK/4ZOCMrQW9mvuTqA==

"@napi-rs/canvas-linux-x64-gnu@0.1.96":
  version "0.1.96"
  resolved "https://registry.yarnpkg.com/@napi-rs/canvas-linux-x64-gnu/-/canvas-linux-x64-gnu-0.1.96.tgz#b79f2a377ea62183c8bd5dc99774bb282759f08f"
  integrity sha512-I/ccu2SstyKiV3HIeVzyBIWfrJo8cN7+MSQZPnabewWV6hfJ2nY7Df2WqOHmobBRUw84uGR6zfQHsUEio/m5Vg==

"@napi-rs/canvas-linux-x64-musl@0.1.80":
  version "0.1.80"
  resolved "https://registry.yarnpkg.com/@napi-rs/canvas-linux-x64-musl/-/canvas-linux-x64-musl-0.1.80.tgz#de85d644e09120a60996bbe165cc2efee804551b"
  integrity sha512-x0XvZWdHbkgdgucJsRxprX/4o4sEed7qo9rCQA9ugiS9qE2QvP0RIiEugtZhfLH3cyI+jIRFJHV4Fuz+1BHHMg==

"@napi-rs/canvas-linux-x64-musl@0.1.96":
  version "0.1.96"
  resolved "https://registry.yarnpkg.com/@napi-rs/canvas-linux-x64-musl/-/canvas-linux-x64-musl-0.1.96.tgz#8c8e4d42aae1f5976e58c47fad286e214d9f3387"
  integrity sha512-H3uov7qnTl73GDT4h52lAqpJPsl1tIUyNPWJyhQ6gHakohNqqRq3uf80+NEpzcytKGEOENP1wX3yGwZxhjiWEQ==

"@napi-rs/canvas-win32-arm64-msvc@0.1.96":
  version "0.1.96"
  resolved "https://registry.yarnpkg.com/@napi-rs/canvas-win32-arm64-msvc/-/canvas-win32-arm64-msvc-0.1.96.tgz#1ab9adbd6bbae974059538a7c5a8b050776aaa31"
  integrity sha512-ATp6Y+djOjYtkfV/VRH7CZ8I1MEtkUQBmKUbuWw5zWEHHqfL0cEcInE4Cxgx7zkNAhEdBbnH8HMVrqNp+/gwxA==

"@napi-rs/canvas-win32-x64-msvc@0.1.80":
  version "0.1.80"
  resolved "https://registry.yarnpkg.com/@napi-rs/canvas-win32-x64-msvc/-/canvas-win32-x64-msvc-0.1.80.tgz#6bb95885d9377912d71f1372fc1916fb54d6ef0a"
  integrity sha512-Z8jPsM6df5V8B1HrCHB05+bDiCxjE9QA//3YrkKIdVDEwn5RKaqOxCJDRJkl48cJbylcrJbW4HxZbTte8juuPg==

"@napi-rs/canvas-win32-x64-msvc@0.1.96":
  version "0.1.96"
  resolved "https://registry.yarnpkg.com/@napi-rs/canvas-win32-x64-msvc/-/canvas-win32-x64-msvc-0.1.96.tgz#38e5e716e0a0fb01dcb112323be2b2c21ff157f7"
  integrity sha512-UYGdTltVd+Z8mcIuoqGmAXXUvwH5CLf2M6mIB5B0/JmX5J041jETjqtSYl7gN+aj3k1by/SG6sS0hAwCqyK7zw==

"@napi-rs/canvas@0.1.80":
  version "0.1.80"
  resolved "https://registry.yarnpkg.com/@napi-rs/canvas/-/canvas-0.1.80.tgz#53615bea56fd94e07331ab13caa7a39efc4914ab"
  integrity sha512-DxuT1ClnIPts1kQx8FBmkk4BQDTfI5kIzywAaMjQSXfNnra5UFU9PwurXrl+Je3bJ6BGsp/zmshVVFbCmyI+ww==
  optionalDependencies:
    "@napi-rs/canvas-android-arm64" "0.1.80"
    "@napi-rs/canvas-darwin-arm64" "0.1.80"
    "@napi-rs/canvas-darwin-x64" "0.1.80"
    "@napi-rs/canvas-linux-arm-gnueabihf" "0.1.80"
    "@napi-rs/canvas-linux-arm64-gnu" "0.1.80"
    "@napi-rs/canvas-linux-arm64-musl" "0.1.80"
    "@napi-rs/canvas-linux-riscv64-gnu" "0.1.80"
    "@napi-rs/canvas-linux-x64-gnu" "0.1.80"
    "@napi-rs/canvas-linux-x64-musl" "0.1.80"
    "@napi-rs/canvas-win32-x64-msvc" "0.1.80"

"@napi-rs/canvas@^0.1.80":
  version "0.1.96"
  resolved "https://registry.yarnpkg.com/@napi-rs/canvas/-/canvas-0.1.96.tgz#c249bd3825952937a086103235898a2953b09d84"
  integrity sha512-6NNmNxvoJKeucVjxaaRUt3La2i5jShgiAbaY3G/72s1Vp3U06XPrAIxkAjBxpDcamEn/t+WJ4OOlGmvILo4/Ew==
  optionalDependencies:
    "@napi-rs/canvas-android-arm64" "0.1.96"
    "@napi-rs/canvas-darwin-arm64" "0.1.96"
    "@napi-rs/canvas-darwin-x64" "0.1.96"
    "@napi-rs/canvas-linux-arm-gnueabihf" "0.1.96"
    "@napi-rs/canvas-linux-arm64-gnu" "0.1.96"
    "@napi-rs/canvas-linux-arm64-musl" "0.1.96"
    "@napi-rs/canvas-linux-riscv64-gnu" "0.1.96"
    "@napi-rs/canvas-linux-x64-gnu" "0.1.96"
    "@napi-rs/canvas-linux-x64-musl" "0.1.96"
    "@napi-rs/canvas-win32-arm64-msvc" "0.1.96"
    "@napi-rs/canvas-win32-x64-msvc" "0.1.96"

"@types/lodash@^4.17.20":
  version "4.17.24"
  resolved "https://registry.yarnpkg.com/@types/lodash/-/lodash-4.17.24.tgz#4ae334fc62c0e915ca8ed8e35dcc6d4eeb29215f"
  integrity sha512-gIW7lQLZbue7lRSWEFql49QJJWThrTFFeIMJdp3eH4tKoxm1OvEPg02rm4wCCSHS0cL3/Fizimb35b7k8atwsQ==

"@types/node@^25.0.3":
  version "25.5.0"
  resolved "https://registry.yarnpkg.com/@types/node/-/node-25.5.0.tgz#5c99f37c443d9ccc4985866913f1ed364217da31"
  integrity sha512-jp2P3tQMSxWugkCUKLRPVUpGaL5MVFwF8RDuSRztfwgN1wmqJeMSbKlnEtQqU8UrhTmzEmZdu2I6v2dpp7XIxw==
  dependencies:
    undici-types "~7.18.0"

"@xmldom/xmldom@^0.8.6":
  version "0.8.11"
  resolved "https://registry.yarnpkg.com/@xmldom/xmldom/-/xmldom-0.8.11.tgz#b79de2d67389734c57c52595f7a7305e30c2d608"
  integrity sha512-cQzWCtO6C8TQiYl1ruKNn2U6Ao4o4WBBcbL61yJl84x+j5sOWWFU9X7DpND8XZG3daDppSsigMdfAIl2upQBRw==

argparse@~1.0.3:
  version "1.0.10"
  resolved "https://registry.yarnpkg.com/argparse/-/argparse-1.0.10.tgz#bcd6791ea5ae09725e17e5ad988134cd40b3d911"
  integrity sha512-o5Roy6tNG4SL/FOkCAN6RzjiakZS25RLYFrcMttJqbdd8BWrnA+fGz57iN5Pb06pvBGvl5gQ0B48dJlslXvoTg==
  dependencies:
    sprintf-js "~1.0.2"

balanced-match@^4.0.2:
  version "4.0.4"
  resolved "https://registry.yarnpkg.com/balanced-match/-/balanced-match-4.0.4.tgz#bfb10662feed8196a2c62e7c68e17720c274179a"
  integrity sha512-BLrgEcRTwX2o6gGxGOCNyMvGSp35YofuYzw9h1IMTRmKqttAZZVU67bdb9Pr2vUHA8+j3i2tJfjO6C6+4myGTA==

base64-js@^1.5.1:
  version "1.5.1"
  resolved "https://registry.yarnpkg.com/base64-js/-/base64-js-1.5.1.tgz#1b1b440160a5bf7ad40b650f095963481903930a"
  integrity sha512-AKpaYlHn8t4SVbOHCy+b5+KKgvR4vrsD8vbvrbiQJps7fKDTkjkDry6ji0rUJjC0kzbNePLwzxq8iypo41qeWA==

bluebird@~3.4.0:
  version "3.4.7"
  resolved "https://registry.yarnpkg.com/bluebird/-/bluebird-3.4.7.tgz#f72d760be09b7f76d08ed8fae98b289a8d05fab3"
  integrity sha512-iD3898SR7sWVRHbiQv+sHUtHnMvC1o3nW5rAcqnq3uOn07DSAppZYUkIGslDz6gXC7HfunPe7YVBgoEJASPcHA==

brace-expansion@^5.0.2:
  version "5.0.4"
  resolved "https://registry.yarnpkg.com/brace-expansion/-/brace-expansion-5.0.4.tgz#614daaecd0a688f660bbbc909a8748c3d80d4336"
  integrity sha512-h+DEnpVvxmfVefa4jFbCf5HdH5YMDXRsmKflpf1pILZWRFlTbJpxeU55nJl4Smt5HQaGzg1o6RHFPJaOqnmBDg==
  dependencies:
    balanced-match "^4.0.2"

core-util-is@~1.0.0:
  version "1.0.3"
  resolved "https://registry.yarnpkg.com/core-util-is/-/core-util-is-1.0.3.tgz#a6042d3634c2b27e9328f837b965fac83808db85"
  integrity sha512-ZQBvi1DcpJ4GDqanjucZ2Hj3wEO5pZDS89BWbkcrvdxksJorwUDDZamX9ldFkp9aw2lmBDLgkObEA4DWNJ9FYQ==

dingbat-to-unicode@^1.0.1:
  version "1.0.1"
  resolved "https://registry.yarnpkg.com/dingbat-to-unicode/-/dingbat-to-unicode-1.0.1.tgz#5091dd673241453e6b5865e26e5a4452cdef5c83"
  integrity sha512-98l0sW87ZT58pU4i61wa2OHwxbiYSbuxsCBozaVnYX2iCnr3bLM3fIes1/ej7h1YdOKuKt/MLs706TVnALA65w==

duck@^0.1.12:
  version "0.1.12"
  resolved "https://registry.yarnpkg.com/duck/-/duck-0.1.12.tgz#de7adf758421230b6d7aee799ce42670586b9efa"
  integrity sha512-wkctla1O6VfP89gQ+J/yDesM0S7B7XLXjKGzXxMDVFg7uEn706niAtyYovKbyq1oT9YwDcly721/iUWoc8MVRg==
  dependencies:
    underscore "^1.13.1"

glob@^13.0.3:
  version "13.0.6"
  resolved "https://registry.yarnpkg.com/glob/-/glob-13.0.6.tgz#078666566a425147ccacfbd2e332deb66a2be71d"
  integrity sha512-Wjlyrolmm8uDpm/ogGyXZXb1Z+Ca2B8NbJwqBVg0axK9GbBeoS7yGV6vjXnYdGm6X53iehEuxxbyiKp8QmN4Vw==
  dependencies:
    minimatch "^10.2.2"
    minipass "^7.1.3"
    path-scurry "^2.0.2"

immediate@~3.0.5:
  version "3.0.6"
  resolved "https://registry.yarnpkg.com/immediate/-/immediate-3.0.6.tgz#9db1dbd0faf8de6fbe0f5dd5e56bb606280de69b"
  integrity sha512-XXOFtyqDjNDAQxVfYxuF7g9Il/IbWmmlQg2MYKOH8ExIT1qg6xc4zyS3HaEEATgs1btfzxq15ciUiY7gjSXRGQ==

inherits@~2.0.3:
  version "2.0.4"
  resolved "https://registry.yarnpkg.com/inherits/-/inherits-2.0.4.tgz#0fa2c64f932917c3433a0ded55363aae37416b7c"
  integrity sha512-k/vGaX4/Yla3WzyMCvTQOXYeIHvqOKtnqBduzTHpzpQZzAskKMhZ2K+EnBiSM9zGSoIFeMpXKxa4dYeZIQqewQ==

isarray@~1.0.0:
  version "1.0.0"
  resolved "https://registry.yarnpkg.com/isarray/-/isarray-1.0.0.tgz#bb935d48582cba168c06834957a54a3e07124f11"
  integrity sha512-VLghIWNM6ELQzo7zwmcg0NmTVyWKYjvIeM83yjp0wRDTmUnrM678fQbcKBo6n2CJEF0szoG//ytg+TKla89ALQ==

jszip@^3.7.1:
  version "3.10.1"
  resolved "https://registry.yarnpkg.com/jszip/-/jszip-3.10.1.tgz#34aee70eb18ea1faec2f589208a157d1feb091c2"
  integrity sha512-xXDvecyTpGLrqFrvkrUSoxxfJI5AH7U8zxxtVclpsUtMCq4JQ290LY8AW5c7Ggnr/Y/oK+bQMbqK2qmtk3pN4g==
  dependencies:
    lie "~3.3.0"
    pako "~1.0.2"
    readable-stream "~2.3.6"
    setimmediate "^1.0.5"

lie@~3.3.0:
  version "3.3.0"
  resolved "https://registry.yarnpkg.com/lie/-/lie-3.3.0.tgz#dcf82dee545f46074daf200c7c1c5a08e0f40f6a"
  integrity sha512-UaiMJzeWRlEujzAuw5LokY1L5ecNQYZKfmyZ9L7wDHb/p5etKaxXhohBcrw0EYby+G/NA52vRSN4N39dxHAIwQ==
  dependencies:
    immediate "~3.0.5"

lodash@^4.17.21:
  version "4.17.23"
  resolved "https://registry.yarnpkg.com/lodash/-/lodash-4.17.23.tgz#f113b0378386103be4f6893388c73d0bde7f2c5a"
  integrity sha512-LgVTMpQtIopCi79SJeDiP0TfWi5CNEc/L/aRdTh3yIvmZXTnheWpKjSZhnvMl8iXbC1tFg9gdHHDMLoV7CnG+w==

lop@^0.4.2:
  version "0.4.2"
  resolved "https://registry.yarnpkg.com/lop/-/lop-0.4.2.tgz#c9c2f958a39b9da1c2f36ca9ad66891a9fe84640"
  integrity sha512-RefILVDQ4DKoRZsJ4Pj22TxE3omDO47yFpkIBoDKzkqPRISs5U1cnAdg/5583YPkWPaLIYHOKRMQSvjFsO26cw==
  dependencies:
    duck "^0.1.12"
    option "~0.2.1"
    underscore "^1.13.1"

lru-cache@^11.0.0:
  version "11.2.7"
  resolved "https://registry.yarnpkg.com/lru-cache/-/lru-cache-11.2.7.tgz#9127402617f34cd6767b96daee98c28e74458d35"
  integrity sha512-aY/R+aEsRelme17KGQa/1ZSIpLpNYYrhcrepKTZgE+W3WM16YMCaPwOHLHsmopZHELU0Ojin1lPVxKR0MihncA==

mammoth@^1.11.0:
  version "1.12.0"
  resolved "https://registry.yarnpkg.com/mammoth/-/mammoth-1.12.0.tgz#102ed719a933ac08ed65b37e9856622f1051effb"
  integrity sha512-cwnK1RIcRdDMi2HRx2EXGYlxqIEh0Oo3bLhorgnsVJi2UkbX1+jKxuBNR9PC5+JaX7EkmJxFPmo6mjLpqShI2w==
  dependencies:
    "@xmldom/xmldom" "^0.8.6"
    argparse "~1.0.3"
    base64-js "^1.5.1"
    bluebird "~3.4.0"
    dingbat-to-unicode "^1.0.1"
    jszip "^3.7.1"
    lop "^0.4.2"
    path-is-absolute "^1.0.0"
    underscore "^1.13.1"
    xmlbuilder "^10.0.0"

mime-db@^1.54.0:
  version "1.54.0"
  resolved "https://registry.yarnpkg.com/mime-db/-/mime-db-1.54.0.tgz#cddb3ee4f9c64530dff640236661d42cb6a314f5"
  integrity sha512-aU5EJuIN2WDemCcAp2vFBfp/m4EAhWJnUNSSw0ixs7/kXbd6Pg64EmwJkNdFhB8aWt1sH2CTXrLxo/iAGV3oPQ==

minimatch@^10.2.2:
  version "10.2.4"
  resolved "https://registry.yarnpkg.com/minimatch/-/minimatch-10.2.4.tgz#465b3accbd0218b8281f5301e27cedc697f96fde"
  integrity sha512-oRjTw/97aTBN0RHbYCdtF1MQfvusSIBQM0IZEgzl6426+8jSC0nF1a/GmnVLpfB9yyr6g6FTqWqiZVbxrtaCIg==
  dependencies:
    brace-expansion "^5.0.2"

minipass@^7.1.2, minipass@^7.1.3:
  version "7.1.3"
  resolved "https://registry.yarnpkg.com/minipass/-/minipass-7.1.3.tgz#79389b4eb1bb2d003a9bba87d492f2bd37bdc65b"
  integrity sha512-tEBHqDnIoM/1rXME1zgka9g6Q2lcoCkxHLuc7ODJ5BxbP5d4c2Z5cGgtXAku59200Cx7diuHTOYfSBD8n6mm8A==

option@~0.2.1:
  version "0.2.4"
  resolved "https://registry.yarnpkg.com/option/-/option-0.2.4.tgz#fd475cdf98dcabb3cb397a3ba5284feb45edbfe4"
  integrity sha512-pkEqbDyl8ou5cpq+VsnQbe/WlEy5qS7xPzMS1U55OCG9KPvwFD46zDbxQIj3egJSFc3D+XhYOPUzz49zQAVy7A==

package-json-from-dist@^1.0.1:
  version "1.0.1"
  resolved "https://registry.yarnpkg.com/package-json-from-dist/-/package-json-from-dist-1.0.1.tgz#4f1471a010827a86f94cfd9b0727e36d267de505"
  integrity sha512-UEZIS3/by4OC8vL3P2dTXRETpebLI2NiI5vIrjaD/5UtrkFX/tNbwjTSRAGC/+7CAo2pIcBaRgWmcBBHcsaCIw==

pako@~1.0.2:
  version "1.0.11"
  resolved "https://registry.yarnpkg.com/pako/-/pako-1.0.11.tgz#6c9599d340d54dfd3946380252a35705a6b992bf"
  integrity sha512-4hLB8Py4zZce5s4yd9XzopqwVv/yGNhV1Bl8NTmCq1763HeK2+EwVTv+leGeL13Dnh2wfbqowVPXCIO0z4taYw==

path-is-absolute@^1.0.0:
  version "1.0.1"
  resolved "https://registry.yarnpkg.com/path-is-absolute/-/path-is-absolute-1.0.1.tgz#174b9268735534ffbc7ace6bf53a5a9e1b5c5f5f"
  integrity sha512-AVbw3UJ2e9bq64vSaS9Am0fje1Pa8pbGqTTsmXfaIiMpnr5DlDhfJOuLj9Sf95ZPVDAUerDfEk88MPmPe7UCQg==

path-scurry@^2.0.2:
  version "2.0.2"
  resolved "https://registry.yarnpkg.com/path-scurry/-/path-scurry-2.0.2.tgz#6be0d0ee02a10d9e0de7a98bae65e182c9061f85"
  integrity sha512-3O/iVVsJAPsOnpwWIeD+d6z/7PmqApyQePUtCndjatj/9I5LylHvt5qluFaBT3I5h3r1ejfR056c+FCv+NnNXg==
  dependencies:
    lru-cache "^11.0.0"
    minipass "^7.1.2"

pdf-parse@^2.4.5:
  version "2.4.5"
  resolved "https://registry.yarnpkg.com/pdf-parse/-/pdf-parse-2.4.5.tgz#fcbf9774d985a7f573e899c22618ab53a508a9f3"
  integrity sha512-mHU89HGh7v+4u2ubfnevJ03lmPgQ5WU4CxAVmTSh/sxVTEDYd1er/dKS/A6vg77NX47KTEoihq8jZBLr8Cxuwg==
  dependencies:
    "@napi-rs/canvas" "0.1.80"
    pdfjs-dist "5.4.296"

pdfjs-dist@5.4.296:
  version "5.4.296"
  resolved "https://registry.yarnpkg.com/pdfjs-dist/-/pdfjs-dist-5.4.296.tgz#b1aa7ded8828f29537bc7cc99c1343c8b3a5d2d6"
  integrity sha512-DlOzet0HO7OEnmUmB6wWGJrrdvbyJKftI1bhMitK7O2N8W2gc757yyYBbINy9IDafXAV9wmKr9t7xsTaNKRG5Q==
  optionalDependencies:
    "@napi-rs/canvas" "^0.1.80"

process-nextick-args@~2.0.0:
  version "2.0.1"
  resolved "https://registry.yarnpkg.com/process-nextick-args/-/process-nextick-args-2.0.1.tgz#7820d9b16120cc55ca9ae7792680ae7dba6d7fe2"
  integrity sha512-3ouUOpQhtgrbOa17J7+uxOTpITYWaGP7/AhoR3+A+/1e9skrzelGi/dXzEYyvbxubEF6Wn2ypscTKiKJFFn1ag==

readable-stream@~2.3.6:
  version "2.3.8"
  resolved "https://registry.yarnpkg.com/readable-stream/-/readable-stream-2.3.8.tgz#91125e8042bba1b9887f49345f6277027ce8be9b"
  integrity sha512-8p0AUk4XODgIewSi0l8Epjs+EVnWiK7NoDIEGU0HhE7+ZyY8D1IMY7odu5lRrFXGg71L15KG8QrPmum45RTtdA==
  dependencies:
    core-util-is "~1.0.0"
    inherits "~2.0.3"
    isarray "~1.0.0"
    process-nextick-args "~2.0.0"
    safe-buffer "~5.1.1"
    string_decoder "~1.1.1"
    util-deprecate "~1.0.1"

rimraf@^6.0.1:
  version "6.1.3"
  resolved "https://registry.yarnpkg.com/rimraf/-/rimraf-6.1.3.tgz#afbee236b3bd2be331d4e7ce4493bac1718981af"
  integrity sha512-LKg+Cr2ZF61fkcaK1UdkH2yEBBKnYjTyWzTJT6KNPcSPaiT7HSdhtMXQuN5wkTX0Xu72KQ1l8S42rlmexS2hSA==
  dependencies:
    glob "^13.0.3"
    package-json-from-dist "^1.0.1"

safe-buffer@~5.1.0, safe-buffer@~5.1.1:
  version "5.1.2"
  resolved "https://registry.yarnpkg.com/safe-buffer/-/safe-buffer-5.1.2.tgz#991ec69d296e0313747d59bdfd2b745c35f8828d"
  integrity sha512-Gd2UZBJDkXlY7GbJxfsE8/nvKkUEU1G38c1siN6QP6a9PT9MmHB8GnpscSmMJSoF8LOIrt8ud/wPtojys4G6+g==

setimmediate@^1.0.5:
  version "1.0.5"
  resolved "https://registry.yarnpkg.com/setimmediate/-/setimmediate-1.0.5.tgz#290cbb232e306942d7d7ea9b83732ab7856f8285"
  integrity sha512-MATJdZp8sLqDl/68LfQmbP8zKPLQNV6BIZoIgrscFDQ+RsvK/BxeDQOgyxKKoh0y/8h3BqVFnCqQ/gd+reiIXA==

sprintf-js@~1.0.2:
  version "1.0.3"
  resolved "https://registry.yarnpkg.com/sprintf-js/-/sprintf-js-1.0.3.tgz#04e6926f662895354f3dd015203633b857297e2c"
  integrity sha512-D9cPgkvLlV3t3IzL0D0YLvGA9Ahk4PcvVwUbN0dSGr1aP0Nrt4AEnTUbuGvquEC0mA64Gqt1fzirlRs5ibXx8g==

string_decoder@~1.1.1:
  version "1.1.1"
  resolved "https://registry.yarnpkg.com/string_decoder/-/string_decoder-1.1.1.tgz#9cf1611ba62685d7030ae9e4ba34149c3af03fc8"
  integrity sha512-n/ShnvDi6FHbbVfviro+WojiFzv+s8MPMHBczVePfUpDJLwoLT0ht1l4YwBCbi8pJAveEEdnkHyPyTP/mzRfwg==
  dependencies:
    safe-buffer "~5.1.0"

typescript@^5.9.3:
  version "5.9.3"
  resolved "https://registry.yarnpkg.com/typescript/-/typescript-5.9.3.tgz#5b4f59e15310ab17a216f5d6cf53ee476ede670f"
  integrity sha512-jl1vZzPDinLr9eUt3J/t7V6FgNEw9QjvBPdysz9KfQDD41fQrC2Y4vKQdiaUpFT4bXlb1RHhLpp8wtm6M5TgSw==

underscore@^1.13.1:
  version "1.13.8"
  resolved "https://registry.yarnpkg.com/underscore/-/underscore-1.13.8.tgz#a93a21186c049dbf0e847496dba72b7bd8c1e92b"
  integrity sha512-DXtD3ZtEQzc7M8m4cXotyHR+FAS18C64asBYY5vqZexfYryNNnDc02W4hKg3rdQuqOYas1jkseX0+nZXjTXnvQ==

undici-types@~7.18.0:
  version "7.18.2"
  resolved "https://registry.yarnpkg.com/undici-types/-/undici-types-7.18.2.tgz#29357a89e7b7ca4aef3bf0fd3fd0cd73884229e9"
  integrity sha512-AsuCzffGHJybSaRrmr5eHr81mwJU3kjw6M+uprWvCXiNeN9SOGwQ3Jn8jb8m3Z6izVgknn1R0FTCEAP2QrLY/w==

util-deprecate@~1.0.1:
  version "1.0.2"
  resolved "https://registry.yarnpkg.com/util-deprecate/-/util-deprecate-1.0.2.tgz#450d4dc9fa70de732762fbd2d4a28981419a0ccf"
  integrity sha512-EPD5q1uXyFxJpCrLnCc1nHnq3gOa6DZBocAIiI2TaSCA7VCJ1UJDMagCzIkXNsUYfD1daK//LTEQ8xiIbrHtcw==

xmlbuilder@^10.0.0:
  version "10.1.1"
  resolved "https://registry.yarnpkg.com/xmlbuilder/-/xmlbuilder-10.1.1.tgz#8cae6688cc9b38d850b7c8d3c0a4161dcaf475b0"
  integrity sha512-OyzrcFLL/nb6fMGHbiRDuPup9ljBycsdCypwuyg5AAHvyWzGfChJpCXMG88AGTIMFhGZ9RccFN1e6lhg3hkwKg==
